
Microsoft Visual Studio Solution File, Format Version 12.00
# Visual Studio Version 16
VisualStudioVersion = 16.0.30204.135
MinimumVisualStudioVersion = 10.0.40219.1
Project("{8BC9CEB8-8B4A-11D0-8D11-00A0C91BC942}") = "ChainBlocker", "ChainBlocker\ChainBlocker.vcxproj", "{678B9A6D-66F9-42CA-928B-A4CF3A08C3B1}"
	ProjectSection(ProjectDependencies) = postProject
		{FA753D2F-E2F4-435F-B3D0-319B06CD6C44} = {FA753D2F-E2F4-435F-B3D0-319B06CD6C44}
	EndProjectSection
EndProject
Project("{8BC9CEB8-8B4A-11D0-8D11-00A0C91BC942}") = "ChainBlockerLibrary", "ChainBlockerLibrary\ChainBlockerLibrary.vcxproj", "{FA753D2F-E2F4-435F-B3D0-319B06CD6C44}"
EndProject
Project("{8BC9CEB8-8B4A-11D0-8D11-00A0C91BC942}") = "UnitTests", "UnitTests\UnitTests.vcxproj", "{00D54FCA-EE9E-4980-B6BE-4825B1DDF9B9}"
EndProject
Project("{8BC9CEB8-8B4A-11D0-8D11-00A0C91BC942}") = "AutomatedTests", "AutomatedTests\AutomatedTests.vcxproj", "{5A0B50A8-A0F3-45E3-87D9-C5793E88F2D2}"
EndProject
Global
	GlobalSection(SolutionConfigurationPlatforms) = preSolution
		Debug|x64 = Debug|x64
		Debug|x86 = Debug|x86
		Release|x64 = Release|x64
		Release|x86 = Release|x86
	EndGlobalSection
	GlobalSection(ProjectConfigurationPlatforms) = postSolution
		{678B9A6D-66F9-42CA-928B-A4CF3A08C3B1}.Debug|x64.ActiveCfg = Debug|x64
		{678B9A6D-66F9-42CA-928B-A4CF3A08C3B1}.Debug|x64.Build.0 = Debug|x64
		{678B9A6D-66F9-42CA-928B-A4CF3A08C3B1}.Debug|x86.ActiveCfg = Debug|Win32
		{678B9A6D-66F9-42CA-928B-A4CF3A08C3B1}.Debug|x86.Build.0 = Debug|Win32
		{678B9A6D-66F9-42CA-928B-A4CF3A08C3B1}.Release|x64.ActiveCfg = Release|x64
		{678B9A6D-66F9-42CA-928B-A4CF3A08C3B1}.Release|x64.Build.0 = Release|x64
		{678B9A6D-66F9-42CA-928B-A4CF3A08C3B1}.Release|x86.ActiveCfg = Release|Win32
		{678B9A6D-66F9-42CA-928B-A4CF3A08C3B1}.Release|x86.Build.0 = Release|Win32
		{FA753D2F-E2F4-435F-B3D0-319B06CD6C44}.Debug|x64.ActiveCfg = Debug|x64
		{FA753D2F-E2F4-435F-B3D0-319B06CD6C44}.Debug|x64.Build.0 = Debug|x64
		{FA753D2F-E2F4-435F-B3D0-319B06CD6C44}.Debug|x86.ActiveCfg = Debug|Win32
		{FA753D2F-E2F4-435F-B3D0-319B06CD6C44}.Debug|x86.Build.0 = Debug|Win32
		{FA753D2F-E2F4-435F-B3D0-319B06CD6C44}.Release|x64.ActiveCfg = Release|x64
		{FA753D2F-E2F4-435F-B3D0-319B06CD6C44}.Release|x64.Build.0 = Release|x64
		{FA753D2F-E2F4-435F-B3D0-319B06CD6C44}.Release|x86.ActiveCfg = Release|Win32
		{FA753D2F-E2F4-435F-B3D0-319B06CD6C44}.Release|x86.Build.0 = Release|Win32
		{00D54FCA-EE9E-4980-B6BE-4825B1DDF9B9}.Debug|x64.ActiveCfg = Debug|x64
		{00D54FCA-EE9E-4980-B6BE-4825B1DDF9B9}.Debug|x64.Build.0 = Debug|x64
		{00D54FCA-EE9E-4980-B6BE-4825B1DDF9B9}.Debug|x86.ActiveCfg = Debug|Win32
		{00D54FCA-EE9E-4980-B6BE-4825B1DDF9B9}.Debug|x86.Build.0 = Debug|Win32
		{00D54FCA-EE9E-4980-B6BE-4825B1DDF9B9}.Release|x64.ActiveCfg = Release|x64
		{00D54FCA-EE9E-4980-B6BE-4825B1DDF9B9}.Release|x64.Build.0 = Release|x64
		{00D54FCA-EE9E-4980-B6BE-4825B1DDF9B9}.Release|x86.ActiveCfg = Release|Win32
		{00D54FCA-EE9E-4980-B6BE-4825B1DDF9B9}.Release|x86.Build.0 = Release|Win32
		{5A0B50A8-A0F3-45E3-87D9-C5793E88F2D2}.Debug|x64.ActiveCfg = Debug|x64
		{5A0B50A8-A0F3-45E3-87D9-C5793E88F2D2}.Debug|x64.Build.0 = Debug|x64
		{5A0B50A8-A0F3-45E3-87D9-C5793E88F2D2}.Debug|x86.ActiveCfg = Debug|Win32
		{5A0B50A8-A0F3-45E3-87D9-C5793E88F2D2}.Debug|x86.Build.0 = Debug|Win32
		{5A0B50A8-A0F3-45E3-87D9-C5793E88F2D2}.Release|x64.ActiveCfg = Release|x64
		{5A0B50A8-A0F3-45E3-87D9-C5793E88F2D2}.Release|x64.Build.0 = Release|x64
		{5A0B50A8-A0F3-45E3-87D9-C5793E88F2D2}.Release|x86.ActiveCfg = Release|Win32
		{5A0B50A8-A0F3-45E3-87D9-C5793E88F2D2}.Release|x86.Build.0 = Release|Win32
	EndGlobalSection
	GlobalSection(SolutionProperties) = preSolution
		HideSolutionNode = FALSE
	EndGlobalSection
	GlobalSection(ExtensibilityGlobals) = postSolution
		SolutionGuid = {568E0EB1-4D42-4409-A7CD-FDD1E2021301}
	EndGlobalSection
EndGlobal
